
Microsoft Visual Studio Solution File, Format Version 12.00
# Visual Studio Version 17
VisualStudioVersion = 17.8.34330.188
MinimumVisualStudioVersion = 10.0.40219.1
Project("{FAE04EC0-301F-11D3-BF4B-00C04F79EFBC}") = "Padrão Strategy - Mortal Kombat", "Padrão Strategy - Mortal Kombat\Padrão Strategy - Mortal Kombat.csproj", "{BDB01B4A-F041-4EBA-A0E5-36AC1A132A95}"
EndProject
Global
	GlobalSection(SolutionConfigurationPlatforms) = preSolution
		Debug|Any CPU = Debug|Any CPU
		Release|Any CPU = Release|Any CPU
	EndGlobalSection
	GlobalSection(ProjectConfigurationPlatforms) = postSolution
		{BDB01B4A-F041-4EBA-A0E5-36AC1A132A95}.Debug|Any CPU.ActiveCfg = Debug|Any CPU
		{BDB01B4A-F041-4EBA-A0E5-36AC1A132A95}.Debug|Any CPU.Build.0 = Debug|Any CPU
		{BDB01B4A-F041-4EBA-A0E5-36AC1A132A95}.Release|Any CPU.ActiveCfg = Release|Any CPU
		{BDB01B4A-F041-4EBA-A0E5-36AC1A132A95}.Release|Any CPU.Build.0 = Release|Any CPU
	EndGlobalSection
	GlobalSection(SolutionProperties) = preSolution
		HideSolutionNode = FALSE
	EndGlobalSection
	GlobalSection(ExtensibilityGlobals) = postSolution
		SolutionGuid = {7BE1A038-0A06-454A-B9C5-2C6E77FB76C8}
	EndGlobalSection
EndGlobal
